
Microsoft Visual Studio Solution File, Format Version 12.00
# Visual Studio Version 17
VisualStudioVersion = 17.14.36511.14 d17.14
MinimumVisualStudioVersion = 10.0.40219.1
Project("{FAE04EC0-301F-11D3-BF4B-00C04F79EFBC}") = "LibraHub", "LibraHub.csproj", "{1D663F69-C28F-AD7D-AE75-1974B0D7D016}"
EndProject
Global
	GlobalSection(SolutionConfigurationPlatforms) = preSolution
		Debug|Any CPU = Debug|Any CPU
		Release|Any CPU = Release|Any CPU
	EndGlobalSection
	GlobalSection(ProjectConfigurationPlatforms) = postSolution
		{1D663F69-C28F-AD7D-AE75-1974B0D7D016}.Debug|Any CPU.ActiveCfg = Debug|Any CPU
		{1D663F69-C28F-AD7D-AE75-1974B0D7D016}.Debug|Any CPU.Build.0 = Debug|Any CPU
		{1D663F69-C28F-AD7D-AE75-1974B0D7D016}.Release|Any CPU.ActiveCfg = Release|Any CPU
		{1D663F69-C28F-AD7D-AE75-1974B0D7D016}.Release|Any CPU.Build.0 = Release|Any CPU
	EndGlobalSection
	GlobalSection(SolutionProperties) = preSolution
		HideSolutionNode = FALSE
	EndGlobalSection
	GlobalSection(ExtensibilityGlobals) = postSolution
		SolutionGuid = {5AD396AD-9649-409D-BE8E-D9CF933CEDEF}
	EndGlobalSection
EndGlobal
